
Microsoft Visual Studio Solution File, Format Version 12.00
# Visual Studio 15
VisualStudioVersion = 15.0.34112.143
MinimumVisualStudioVersion = 10.0.40219.1
Project("{8BC9CEB8-8B4A-11D0-8D11-00A0C91BC942}") = "p13", "p13\p13.vcxproj", "{67E3B829-40F0-43F6-AAA1-C2BA99DB7A92}"
EndProject
Global
	GlobalSection(SolutionConfigurationPlatforms) = preSolution
		Debug|x64 = Debug|x64
		Debug|x86 = Debug|x86
		Release|x64 = Release|x64
		Release|x86 = Release|x86
	EndGlobalSection
	GlobalSection(ProjectConfigurationPlatforms) = postSolution
		{67E3B829-40F0-43F6-AAA1-C2BA99DB7A92}.Debug|x64.ActiveCfg = Debug|x64
		{67E3B829-40F0-43F6-AAA1-C2BA99DB7A92}.Debug|x64.Build.0 = Debug|x64
		{67E3B829-40F0-43F6-AAA1-C2BA99DB7A92}.Debug|x86.ActiveCfg = Debug|Win32
		{67E3B829-40F0-43F6-AAA1-C2BA99DB7A92}.Debug|x86.Build.0 = Debug|Win32
		{67E3B829-40F0-43F6-AAA1-C2BA99DB7A92}.Release|x64.ActiveCfg = Release|x64
		{67E3B829-40F0-43F6-AAA1-C2BA99DB7A92}.Release|x64.Build.0 = Release|x64
		{67E3B829-40F0-43F6-AAA1-C2BA99DB7A92}.Release|x86.ActiveCfg = Release|Win32
		{67E3B829-40F0-43F6-AAA1-C2BA99DB7A92}.Release|x86.Build.0 = Release|Win32
	EndGlobalSection
	GlobalSection(SolutionProperties) = preSolution
		HideSolutionNode = FALSE
	EndGlobalSection
	GlobalSection(ExtensibilityGlobals) = postSolution
		SolutionGuid = {B4610706-8ABF-4907-92AA-DEB2CA8FA560}
	EndGlobalSection
EndGlobal
